# This file was autogenerated by Stack.
# You should not edit this file by hand.
# For more information, please see the documentation at:
#   https://docs.haskellstack.org/en/stable/lock_files

packages:
- completed:
    hackage: msgpack-1.0.1.0@sha256:a87b663fc28d661b41552331d22e10b34028cad8a592ae758ac47e363933b6bd,3004
    pantry-tree:
      size: 595
      sha256: 9b6a847c24cc11e6cf83582ad02740142c9cd0e80c88aa718895fd31fb401482
  original:
    hackage: msgpack-1.0.1.0@sha256:a87b663fc28d661b41552331d22e10b34028cad8a592ae758ac47e363933b6bd,3004
snapshots:
- completed:
    size: 496112
    url: https://raw.githubusercontent.com/commercialhaskell/stackage-snapshots/master/lts/15/13.yaml
    sha256: 75a1a0f870e1876898b117b0e443f911b3fa2985bfabb53158c81ab5765beda5
  original: lts-15.13
